// !$*UTF8*$!
{
	archiveVersion = 1;
	classes = {
	};
	objectVersion = 48;
	objects = {

/* Begin PBXBuildFile section */
		3527EA282167CA950073B374 /* AppDelegate.swift in Sources */ = {isa = PBXBuildFile; fileRef = 3527EA272167CA950073B374 /* AppDelegate.swift */; };
		3527EA2A2167CA950073B374 /* ViewController.swift in Sources */ = {isa = PBXBuildFile; fileRef = 3527EA292167CA950073B374 /* ViewController.swift */; };
		3527EA2D2167CA950073B374 /* Main.storyboard in Resources */ = {isa = PBXBuildFile; fileRef = 3527EA2B2167CA950073B374 /* Main.storyboard */; };
		3527EA302167CA950073B374 /* SoundBoardNew.xcdatamodeld in Sources */ = {isa = PBXBuildFile; fileRef = 3527EA2E2167CA950073B374 /* SoundBoardNew.xcdatamodeld */; };
		3527EA322167CA950073B374 /* Assets.xcassets in Resources */ = {isa = PBXBuildFile; fileRef = 3527EA312167CA950073B374 /* Assets.xcassets */; };
		3527EA352167CA950073B374 /* LaunchScreen.storyboard in Resources */ = {isa = PBXBuildFile; fileRef = 3527EA332167CA950073B374 /* LaunchScreen.storyboard */; };
		3527EA3D2167CAAB0073B374 /* SoundViewController.swift in Sources */ = {isa = PBXBuildFile; fileRef = 3527EA3C2167CAAB0073B374 /* SoundViewController.swift */; };
/* End PBXBuildFile section */

/* Begin PBXFileReference section */
		3527EA242167CA950073B374 /* SoundBoardNew.app */ = {isa = PBXFileReference; explicitFileType = wrapper.application; includeInIndex = 0; path = SoundBoardNew.app; sourceTree = BUILT_PRODUCTS_DIR; };
		3527EA272167CA950073B374 /* AppDelegate.swift */ = {isa = PBXFileReference; lastKnownFileType = sourcecode.swift; path = AppDelegate.swift; sourceTree = "<group>"; };
		3527EA292167CA950073B374 /* ViewController.swift */ = {isa = PBXFileReference; lastKnownFileType = sourcecode.swift; path = ViewController.swift; sourceTree = "<group>"; };
		3527EA2C2167CA950073B374 /* Base */ = {isa = PBXFileReference; lastKnownFileType = file.storyboard; name = Base; path = Base.lproj/Main.storyboard; sourceTree = "<group>"; };
		3527EA2F2167CA950073B374 /* SoundBoardNew.xcdatamodel */ = {isa = PBXFileReference; lastKnownFileType = wrapper.xcdatamodel; path = SoundBoardNew.xcdatamodel; sourceTree = "<group>"; };
		3527EA312167CA950073B374 /* Assets.xcassets */ = {isa = PBXFileReference; lastKnownFileType = folder.assetcatalog; path = Assets.xcassets; sourceTree = "<group>"; };
		3527EA342167CA950073B374 /* Base */ = {isa = PBXFileReference; lastKnownFileType = file.storyboard; name = Base; path = Base.lproj/LaunchScreen.storyboard; sourceTree = "<group>"; };
		3527EA362167CA950073B374 /* Info.plist */ = {isa = PBXFileReference; lastKnownFileType = text.plist.xml; path = Info.plist; sourceTree = "<group>"; };
		3527EA3C2167CAAB0073B374 /* SoundViewController.swift */ = {isa = PBXFileReference; lastKnownFileType = sourcecode.swift; path = SoundViewController.swift; sourceTree = "<group>"; };
/* End PBXFileReference section */

/* Begin PBXFrameworksBuildPhase section */
		3527EA212167CA950073B374 /* Frameworks */ = {
			isa = PBXFrameworksBuildPhase;
			buildActionMask = 2147483647;
			files = (
			);
			runOnlyForDeploymentPostprocessing = 0;
		};
/* End PBXFrameworksBuildPhase section */

/* Begin PBXGroup section */
		3527EA1B2167CA950073B374 = {
			isa = PBXGroup;
			children = (
				3527EA262167CA950073B374 /* SoundBoardNew */,
				3527EA252167CA950073B374 /* Products */,
			);
			sourceTree = "<group>";
		};
		3527EA252167CA950073B374 /* Products */ = {
			isa = PBXGroup;
			children = (
				3527EA242167CA950073B374 /* SoundBoardNew.app */,
			);
			name = Products;
			sourceTree = "<group>";
		};
		3527EA262167CA950073B374 /* SoundBoardNew */ = {
			isa = PBXGroup;
			children = (
				3527EA272167CA950073B374 /* AppDelegate.swift */,
				3527EA292167CA950073B374 /* ViewController.swift */,
				3527EA2B2167CA950073B374 /* Main.storyboard */,
				3527EA312167CA950073B374 /* Assets.xcassets */,
				3527EA332167CA950073B374 /* LaunchScreen.storyboard */,
				3527EA362167CA950073B374 /* Info.plist */,
				3527EA2E2167CA950073B374 /* SoundBoardNew.xcdatamodeld */,
				3527EA3C2167CAAB0073B374 /* SoundViewController.swift */,
			);
			path = SoundBoardNew;
			sourceTree = "<group>";
		};
/* End PBXGroup section */

/* Begin PBXNativeTarget section */
		3527EA232167CA950073B374 /* SoundBoardNew */ = {
			isa = PBXNativeTarget;
			buildConfigurationList = 3527EA392167CA950073B374 /* Build configuration list for PBXNativeTarget "SoundBoardNew" */;
			buildPhases = (
				3527EA202167CA950073B374 /* Sources */,
				3527EA212167CA950073B374 /* Frameworks */,
				3527EA222167CA950073B374 /* Resources */,
			);
			buildRules = (
			);
			dependencies = (
			);
			name = SoundBoardNew;
			productName = SoundBoardNew;
			productReference = 3527EA242167CA950073B374 /* SoundBoardNew.app */;
			productType = "com.apple.product-type.application";
		};
/* End PBXNativeTarget section */

/* Begin PBXProject section */
		3527EA1C2167CA950073B374 /* Project object */ = {
			isa = PBXProject;
			attributes = {
				LastSwiftUpdateCheck = 0920;
				LastUpgradeCheck = 0920;
				ORGANIZATIONNAME = "Sebastian Rau";
				TargetAttributes = {
					3527EA232167CA950073B374 = {
						CreatedOnToolsVersion = 9.2;
						ProvisioningStyle = Automatic;
					};
				};
			};
			buildConfigurationList = 3527EA1F2167CA950073B374 /* Build configuration list for PBXProject "SoundBoardNew" */;
			compatibilityVersion = "Xcode 8.0";
			developmentRegion = en;
			hasScannedForEncodings = 0;
			knownRegions = (
				en,
				Base,
			);
			mainGroup = 3527EA1B2167CA950073B374;
			productRefGroup = 3527EA252167CA950073B374 /* Products */;
			projectDirPath = "";
			projectRoot = "";
			targets = (
				3527EA232167CA950073B374 /* SoundBoardNew */,
			);
		};
/* End PBXProject section */

/* Begin PBXResourcesBuildPhase section */
		3527EA222167CA950073B374 /* Resources */ = {
			isa = PBXResourcesBuildPhase;
			buildActionMask = 2147483647;
			files = (
				3527EA352167CA950073B374 /* LaunchScreen.storyboard in Resources */,
				3527EA322167CA950073B374 /* Assets.xcassets in Resources */,
				3527EA2D2167CA950073B374 /* Main.storyboard in Resources */,
			);
			runOnlyForDeploymentPostprocessing = 0;
		};
/* End PBXResourcesBuildPhase section */

/* Begin PBXSourcesBuildPhase section */
		3527EA202167CA950073B374 /* Sources */ = {
			isa = PBXSourcesBuildPhase;
			buildActionMask = 2147483647;
			files = (
				3527EA3D2167CAAB0073B374 /* SoundViewController.swift in Sources */,
				3527EA2A2167CA950073B374 /* ViewController.swift in Sources */,
				3527EA302167CA950073B374 /* SoundBoardNew.xcdatamodeld in Sources */,
				3527EA282167CA950073B374 /* AppDelegate.swift in Sources */,
			);
			runOnlyForDeploymentPostprocessing = 0;
		};
/* End PBXSourcesBuildPhase section */

/* Begin PBXVariantGroup section */
		3527EA2B2167CA950073B374 /* Main.storyboard */ = {
			isa = PBXVariantGroup;
			children = (
				3527EA2C2167CA950073B374 /* Base */,
			);
			name = Main.storyboard;
			sourceTree = "<group>";
		};
		3527EA332167CA950073B374 /* LaunchScreen.storyboard */ = {
			isa = PBXVariantGroup;
			children = (
				3527EA342167CA950073B374 /* Base */,
			);
			name = LaunchScreen.storyboard;
			sourceTree = "<group>";
		};
/* End PBXVariantGroup section */

/* Begin XCBuildConfiguration section */
		3527EA372167CA950073B374 /* Debug */ = {
			isa = XCBuildConfiguration;
			buildSettings = {
				ALWAYS_SEARCH_USER_PATHS = NO;
				CLANG_ANALYZER_NONNULL = YES;
				CLANG_ANALYZER_NUMBER_OBJECT_CONVERSION = YES_AGGRESSIVE;
				CLANG_CXX_LANGUAGE_STANDARD = "gnu++14";
				CLANG_CXX_LIBRARY = "libc++";
				CLANG_ENABLE_MODULES = YES;
				CLANG_ENABLE_OBJC_ARC = YES;
				CLANG_WARN_BLOCK_CAPTURE_AUTORELEASING = YES;
				CLANG_WARN_BOOL_CONVERSION = YES;
				CLANG_WARN_COMMA = YES;
				CLANG_WARN_CONSTANT_CONVERSION = YES;
				CLANG_WARN_DIRECT_OBJC_ISA_USAGE = YES_ERROR;
				CLANG_WARN_DOCUMENTATION_COMMENTS = YES;
				CLANG_WARN_EMPTY_BODY = YES;
				CLANG_WARN_ENUM_CONVERSION = YES;
				CLANG_WARN_INFINITE_RECURSION = YES;
				CLANG_WARN_INT_CONVERSION = YES;
				CLANG_WARN_NON_LITERAL_NULL_CONVERSION = YES;
				CLANG_WARN_OBJC_LITERAL_CONVERSION = YES;
				CLANG_WARN_OBJC_ROOT_CLASS = YES_ERROR;
				CLANG_WARN_RANGE_LOOP_ANALYSIS = YES;
				CLANG_WARN_STRICT_PROTOTYPES = YES;
				CLANG_WARN_SUSPICIOUS_MOVE = YES;
				CLANG_WARN_UNGUARDED_AVAILABILITY = YES_AGGRESSIVE;
				CLANG_WARN_UNREACHABLE_CODE = YES;
				CLANG_WARN__DUPLICATE_METHOD_MATCH = YES;
				CODE_SIGN_IDENTITY = "iPhone Developer";
				COPY_PHASE_STRIP = NO;
				DEBUG_INFORMATION_FORMAT = dwarf;
				ENABLE_STRICT_OBJC_MSGSEND = YES;
				ENABLE_TESTABILITY = YES;
				GCC_C_LANGUAGE_STANDARD = gnu11;
				GCC_DYNAMIC_NO_PIC = NO;
				GCC_NO_COMMON_BLOCKS = YES;
				GCC_OPTIMIZATION_LEVEL = 0;
				GCC_PREPROCESSOR_DEFINITIONS = (
					"DEBUG=1",
					"$(inherited)",
				);
				GCC_WARN_64_TO_32_BIT_CONVERSION = YES;
				GCC_WARN_ABOUT_RETURN_TYPE = YES_ERROR;
				GCC_WARN_UNDECLARED_SELECTOR = YES;
				GCC_WARN_UNINITIALIZED_AUTOS = YES_AGGRESSIVE;
				GCC_WARN_UNUSED_FUNCTION = YES;
				GCC_WARN_UNUSED_VARIABLE = YES;
				IPHONEOS_DEPLOYMENT_TARGET = 11.2;
				MTL_ENABLE_DEBUG_INFO = YES;
				ONLY_ACTIVE_ARCH = YES;
				SDKROOT = iphoneos;
				SWIFT_ACTIVE_COMPILATION_CONDITIONS = DEBUG;
				SWIFT_OPTIMIZATION_LEVEL = "-Onone";
			};
			name = Debug;
		};
		3527EA382167CA950073B374 /* Release */ = {
			isa = XCBuildConfiguration;
			buildSettings = {
				ALWAYS_SEARCH_USER_PATHS = NO;
				CLANG_ANALYZER_NONNULL = YES;
				CLANG_ANALYZER_NUMBER_OBJECT_CONVERSION = YES_AGGRESSIVE;
				CLANG_CXX_LANGUAGE_STANDARD = "gnu++14";
				CLANG_CXX_LIBRARY = "libc++";
				CLANG_ENABLE_MODULES = YES;
				CLANG_ENABLE_OBJC_ARC = YES;
				CLANG_WARN_BLOCK_CAPTURE_AUTORELEASING = YES;
				CLANG_WARN_BOOL_CONVERSION = YES;
				CLANG_WARN_COMMA = YES;
				CLANG_WARN_CONSTANT_CONVERSION = YES;
				CLANG_WARN_DIRECT_OBJC_ISA_USAGE = YES_ERROR;
				CLANG_WARN_DOCUMENTATION_COMMENTS = YES;
				CLANG_WARN_EMPTY_BODY = YES;
				CLANG_WARN_ENUM_CONVERSION = YES;
				CLANG_WARN_INFINITE_RECURSION = YES;
				CLANG_WARN_INT_CONVERSION = YES;
				CLANG_WARN_NON_LITERAL_NULL_CONVERSION = YES;
				CLANG_WARN_OBJC_LITERAL_CONVERSION = YES;
				CLANG_WARN_OBJC_ROOT_CLASS = YES_ERROR;
				CLANG_WARN_RANGE_LOOP_ANALYSIS = YES;
				CLANG_WARN_STRICT_PROTOTYPES = YES;
				CLANG_WARN_SUSPICIOUS_MOVE = YES;
				CLANG_WARN_UNGUARDED_AVAILABILITY = YES_AGGRESSIVE;
				CLANG_WARN_UNREACHABLE_CODE = YES;
				CLANG_WARN__DUPLICATE_METHOD_MATCH = YES;
				CODE_SIGN_IDENTITY = "iPhone Developer";
				COPY_PHASE_STRIP = NO;
				DEBUG_INFORMATION_FORMAT = "dwarf-with-dsym";
				ENABLE_NS_ASSERTIONS = NO;
				ENABLE_STRICT_OBJC_MSGSEND = YES;
				GCC_C_LANGUAGE_STANDARD = gnu11;
				GCC_NO_COMMON_BLOCKS = YES;
				GCC_WARN_64_TO_32_BIT_CONVERSION = YES;
				GCC_WARN_ABOUT_RETURN_TYPE = YES_ERROR;
				GCC_WARN_UNDECLARED_SELECTOR = YES;
				GCC_WARN_UNINITIALIZED_AUTOS = YES_AGGRESSIVE;
				GCC_WARN_UNUSED_FUNCTION = YES;
				GCC_WARN_UNUSED_VARIABLE = YES;
				IPHONEOS_DEPLOYMENT_TARGET = 11.2;
				MTL_ENABLE_DEBUG_INFO = NO;
				SDKROOT = iphoneos;
				SWIFT_OPTIMIZATION_LEVEL = "-Owholemodule";
				VALIDATE_PRODUCT = YES;
			};
			name = Release;
		};
		3527EA3A2167CA950073B374 /* Debug */ = {
			isa = XCBuildConfiguration;
			buildSettings = {
				ASSETCATALOG_COMPILER_APPICON_NAME = AppIcon;
				CODE_SIGN_STYLE = Automatic;
				DEVELOPMENT_TEAM = J2Y3R43RWU;
				INFOPLIST_FILE = SoundBoardNew/Info.plist;
				LD_RUNPATH_SEARCH_PATHS = "$(inherited) @executable_path/Frameworks";
				PRODUCT_BUNDLE_IDENTIFIER = com.sebastian.rau.SoundBoardNew;
				PRODUCT_NAME = "$(TARGET_NAME)";
				SWIFT_VERSION = 4.0;
				TARGETED_DEVICE_FAMILY = "1,2";
			};
			name = Debug;
		};
		3527EA3B2167CA950073B374 /* Release */ = {
			isa = XCBuildConfiguration;
			buildSettings = {
				ASSETCATALOG_COMPILER_APPICON_NAME = AppIcon;
				CODE_SIGN_STYLE = Automatic;
				DEVELOPMENT_TEAM = J2Y3R43RWU;
				INFOPLIST_FILE = SoundBoardNew/Info.plist;
				LD_RUNPATH_SEARCH_PATHS = "$(inherited) @executable_path/Frameworks";
				PRODUCT_BUNDLE_IDENTIFIER = com.sebastian.rau.SoundBoardNew;
				PRODUCT_NAME = "$(TARGET_NAME)";
				SWIFT_VERSION = 4.0;
				TARGETED_DEVICE_FAMILY = "1,2";
			};
			name = Release;
		};
/* End XCBuildConfiguration section */

/* Begin XCConfigurationList section */
		3527EA1F2167CA950073B374 /* Build configuration list for PBXProject "SoundBoardNew" */ = {
			isa = XCConfigurationList;
			buildConfigurations = (
				3527EA372167CA950073B374 /* Debug */,
				3527EA382167CA950073B374 /* Release */,
			);
			defaultConfigurationIsVisible = 0;
			defaultConfigurationName = Release;
		};
		3527EA392167CA950073B374 /* Build configuration list for PBXNativeTarget "SoundBoardNew" */ = {
			isa = XCConfigurationList;
			buildConfigurations = (
				3527EA3A2167CA950073B374 /* Debug */,
				3527EA3B2167CA950073B374 /* Release */,
			);
			defaultConfigurationIsVisible = 0;
			defaultConfigurationName = Release;
		};
/* End XCConfigurationList section */

/* Begin XCVersionGroup section */
		3527EA2E2167CA950073B374 /* SoundBoardNew.xcdatamodeld */ = {
			isa = XCVersionGroup;
			children = (
				3527EA2F2167CA950073B374 /* SoundBoardNew.xcdatamodel */,
			);
			currentVersion = 3527EA2F2167CA950073B374 /* SoundBoardNew.xcdatamodel */;
			path = SoundBoardNew.xcdatamodeld;
			sourceTree = "<group>";
			versionGroupType = wrapper.xcdatamodel;
		};
/* End XCVersionGroup section */
	};
	rootObject = 3527EA1C2167CA950073B374 /* Project object */;
}
